// !$*UTF8*$!
{
	archiveVersion = 1;
	classes = {
	};
	objectVersion = 77;
	objects = {

/* Begin PBXBuildFile section */
		AAA13E322D2189040033B9F4 /* Cloudinary in Frameworks */ = {isa = PBXBuildFile; productRef = AAA13E312D2189040033B9F4 /* Cloudinary */; };
		AAAD2D732D1B4F9900FEB1CF /* FirebaseAuth in Frameworks */ = {isa = PBXBuildFile; productRef = AAAD2D722D1B4F9900FEB1CF /* FirebaseAuth */; };
		AAAD2D752D1B4F9900FEB1CF /* FirebaseFirestore in Frameworks */ = {isa = PBXBuildFile; productRef = AAAD2D742D1B4F9900FEB1CF /* FirebaseFirestore */; };
/* End PBXBuildFile section */

/* Begin PBXContainerItemProxy section */
		AA65419E2CBC26E700618653 /* PBXContainerItemProxy */ = {
			isa = PBXContainerItemProxy;
			containerPortal = AA6541812CBC26E500618653 /* Project object */;
			proxyType = 1;
			remoteGlobalIDString = AA6541882CBC26E500618653;
			remoteInfo = "Arrow Detect";
		};
		AA6541A82CBC26E700618653 /* PBXContainerItemProxy */ = {
			isa = PBXContainerItemProxy;
			containerPortal = AA6541812CBC26E500618653 /* Project object */;
			proxyType = 1;
			remoteGlobalIDString = AA6541882CBC26E500618653;
			remoteInfo = "Arrow Detect";
		};
/* End PBXContainerItemProxy section */

/* Begin PBXFileReference section */
		AA6541892CBC26E500618653 /* Arrow Detect.app */ = {isa = PBXFileReference; explicitFileType = wrapper.application; includeInIndex = 0; path = "Arrow Detect.app"; sourceTree = BUILT_PRODUCTS_DIR; };
		AA65419D2CBC26E700618653 /* Arrow DetectTests.xctest */ = {isa = PBXFileReference; explicitFileType = wrapper.cfbundle; includeInIndex = 0; path = "Arrow DetectTests.xctest"; sourceTree = BUILT_PRODUCTS_DIR; };
		AA6541A72CBC26E700618653 /* Arrow DetectUITests.xctest */ = {isa = PBXFileReference; explicitFileType = wrapper.cfbundle; includeInIndex = 0; path = "Arrow DetectUITests.xctest"; sourceTree = BUILT_PRODUCTS_DIR; };
/* End PBXFileReference section */

/* Begin PBXFileSystemSynchronizedBuildFileExceptionSet section */
		AA6541AF2CBC26E700618653 /* Exceptions for "Arrow Detect" folder in "Arrow Detect" target */ = {
			isa = PBXFileSystemSynchronizedBuildFileExceptionSet;
			membershipExceptions = (
				Info.plist,
			);
			target = AA6541882CBC26E500618653 /* Arrow Detect */;
		};
/* End PBXFileSystemSynchronizedBuildFileExceptionSet section */

/* Begin PBXFileSystemSynchronizedRootGroup section */
		AA65418B2CBC26E500618653 /* Arrow Detect */ = {
			isa = PBXFileSystemSynchronizedRootGroup;
			exceptions = (
				AA6541AF2CBC26E700618653 /* Exceptions for "Arrow Detect" folder in "Arrow Detect" target */,
			);
			path = "Arrow Detect";
			sourceTree = "<group>";
		};
		AA6541A02CBC26E700618653 /* Arrow DetectTests */ = {
			isa = PBXFileSystemSynchronizedRootGroup;
			path = "Arrow DetectTests";
			sourceTree = "<group>";
		};
		AA6541AA2CBC26E700618653 /* Arrow DetectUITests */ = {
			isa = PBXFileSystemSynchronizedRootGroup;
			path = "Arrow DetectUITests";
			sourceTree = "<group>";
		};
/* End PBXFileSystemSynchronizedRootGroup section */

/* Begin PBXFrameworksBuildPhase section */
		AA6541862CBC26E500618653 /* Frameworks */ = {
			isa = PBXFrameworksBuildPhase;
			buildActionMask = 2147483647;
			files = (
				AAAD2D732D1B4F9900FEB1CF /* FirebaseAuth in Frameworks */,
				AAAD2D752D1B4F9900FEB1CF /* FirebaseFirestore in Frameworks */,
				AAA13E322D2189040033B9F4 /* Cloudinary in Frameworks */,
			);
			runOnlyForDeploymentPostprocessing = 0;
		};
		AA65419A2CBC26E700618653 /* Frameworks */ = {
			isa = PBXFrameworksBuildPhase;
			buildActionMask = 2147483647;
			files = (
			);
			runOnlyForDeploymentPostprocessing = 0;
		};
		AA6541A42CBC26E700618653 /* Frameworks */ = {
			isa = PBXFrameworksBuildPhase;
			buildActionMask = 2147483647;
			files = (
			);
			runOnlyForDeploymentPostprocessing = 0;
		};
/* End PBXFrameworksBuildPhase section */

/* Begin PBXGroup section */
		AA6541802CBC26E500618653 = {
			isa = PBXGroup;
			children = (
				AA65418B2CBC26E500618653 /* Arrow Detect */,
				AA6541A02CBC26E700618653 /* Arrow DetectTests */,
				AA6541AA2CBC26E700618653 /* Arrow DetectUITests */,
				AA65418A2CBC26E500618653 /* Products */,
			);
			sourceTree = "<group>";
		};
		AA65418A2CBC26E500618653 /* Products */ = {
			isa = PBXGroup;
			children = (
				AA6541892CBC26E500618653 /* Arrow Detect.app */,
				AA65419D2CBC26E700618653 /* Arrow DetectTests.xctest */,
				AA6541A72CBC26E700618653 /* Arrow DetectUITests.xctest */,
			);
			name = Products;
			sourceTree = "<group>";
		};
/* End PBXGroup section */

/* Begin PBXNativeTarget section */
		AA6541882CBC26E500618653 /* Arrow Detect */ = {
			isa = PBXNativeTarget;
			buildConfigurationList = AA6541B02CBC26E700618653 /* Build configuration list for PBXNativeTarget "Arrow Detect" */;
			buildPhases = (
				AA6541852CBC26E500618653 /* Sources */,
				AA6541862CBC26E500618653 /* Frameworks */,
				AA6541872CBC26E500618653 /* Resources */,
			);
			buildRules = (
			);
			dependencies = (
			);
			fileSystemSynchronizedGroups = (
				AA65418B2CBC26E500618653 /* Arrow Detect */,
			);
			name = "Arrow Detect";
			packageProductDependencies = (
				AAAD2D722D1B4F9900FEB1CF /* FirebaseAuth */,
				AAAD2D742D1B4F9900FEB1CF /* FirebaseFirestore */,
				AAA13E312D2189040033B9F4 /* Cloudinary */,
			);
			productName = "Arrow Detect";
			productReference = AA6541892CBC26E500618653 /* Arrow Detect.app */;
			productType = "com.apple.product-type.application";
		};
		AA65419C2CBC26E700618653 /* Arrow DetectTests */ = {
			isa = PBXNativeTarget;
			buildConfigurationList = AA6541B52CBC26E700618653 /* Build configuration list for PBXNativeTarget "Arrow DetectTests" */;
			buildPhases = (
				AA6541992CBC26E700618653 /* Sources */,
				AA65419A2CBC26E700618653 /* Frameworks */,
				AA65419B2CBC26E700618653 /* Resources */,
			);
			buildRules = (
			);
			dependencies = (
				AA65419F2CBC26E700618653 /* PBXTargetDependency */,
			);
			fileSystemSynchronizedGroups = (
				AA6541A02CBC26E700618653 /* Arrow DetectTests */,
			);
			name = "Arrow DetectTests";
			packageProductDependencies = (
			);
			productName = "Arrow DetectTests";
			productReference = AA65419D2CBC26E700618653 /* Arrow DetectTests.xctest */;
			productType = "com.apple.product-type.bundle.unit-test";
		};
		AA6541A62CBC26E700618653 /* Arrow DetectUITests */ = {
			isa = PBXNativeTarget;
			buildConfigurationList = AA6541B82CBC26E700618653 /* Build configuration list for PBXNativeTarget "Arrow DetectUITests" */;
			buildPhases = (
				AA6541A32CBC26E700618653 /* Sources */,
				AA6541A42CBC26E700618653 /* Frameworks */,
				AA6541A52CBC26E700618653 /* Resources */,
			);
			buildRules = (
			);
			dependencies = (
				AA6541A92CBC26E700618653 /* PBXTargetDependency */,
			);
			fileSystemSynchronizedGroups = (
				AA6541AA2CBC26E700618653 /* Arrow DetectUITests */,
			);
			name = "Arrow DetectUITests";
			packageProductDependencies = (
			);
			productName = "Arrow DetectUITests";
			productReference = AA6541A72CBC26E700618653 /* Arrow DetectUITests.xctest */;
			productType = "com.apple.product-type.bundle.ui-testing";
		};
/* End PBXNativeTarget section */

/* Begin PBXProject section */
		AA6541812CBC26E500618653 /* Project object */ = {
			isa = PBXProject;
			attributes = {
				BuildIndependentTargetsInParallel = 1;
				LastSwiftUpdateCheck = 1600;
				LastUpgradeCheck = 1600;
				TargetAttributes = {
					AA6541882CBC26E500618653 = {
						CreatedOnToolsVersion = 16.0;
					};
					AA65419C2CBC26E700618653 = {
						CreatedOnToolsVersion = 16.0;
						TestTargetID = AA6541882CBC26E500618653;
					};
					AA6541A62CBC26E700618653 = {
						CreatedOnToolsVersion = 16.0;
						TestTargetID = AA6541882CBC26E500618653;
					};
				};
			};
			buildConfigurationList = AA6541842CBC26E500618653 /* Build configuration list for PBXProject "Arrow Detect" */;
			developmentRegion = en;
			hasScannedForEncodings = 0;
			knownRegions = (
				en,
				Base,
			);
			mainGroup = AA6541802CBC26E500618653;
			minimizedProjectReferenceProxies = 1;
			packageReferences = (
				AAAD2D712D1B4F9800FEB1CF /* XCRemoteSwiftPackageReference "firebase-ios-sdk" */,
				AAA13E302D2189040033B9F4 /* XCRemoteSwiftPackageReference "cloudinary_ios" */,
			);
			preferredProjectObjectVersion = 77;
			productRefGroup = AA65418A2CBC26E500618653 /* Products */;
			projectDirPath = "";
			projectRoot = "";
			targets = (
				AA6541882CBC26E500618653 /* Arrow Detect */,
				AA65419C2CBC26E700618653 /* Arrow DetectTests */,
				AA6541A62CBC26E700618653 /* Arrow DetectUITests */,
			);
		};
/* End PBXProject section */

/* Begin PBXResourcesBuildPhase section */
		AA6541872CBC26E500618653 /* Resources */ = {
			isa = PBXResourcesBuildPhase;
			buildActionMask = 2147483647;
			files = (
			);
			runOnlyForDeploymentPostprocessing = 0;
		};
		AA65419B2CBC26E700618653 /* Resources */ = {
			isa = PBXResourcesBuildPhase;
			buildActionMask = 2147483647;
			files = (
			);
			runOnlyForDeploymentPostprocessing = 0;
		};
		AA6541A52CBC26E700618653 /* Resources */ = {
			isa = PBXResourcesBuildPhase;
			buildActionMask = 2147483647;
			files = (
			);
			runOnlyForDeploymentPostprocessing = 0;
		};
/* End PBXResourcesBuildPhase section */

/* Begin PBXSourcesBuildPhase section */
		AA6541852CBC26E500618653 /* Sources */ = {
			isa = PBXSourcesBuildPhase;
			buildActionMask = 2147483647;
			files = (
			);
			runOnlyForDeploymentPostprocessing = 0;
		};
		AA6541992CBC26E700618653 /* Sources */ = {
			isa = PBXSourcesBuildPhase;
			buildActionMask = 2147483647;
			files = (
			);
			runOnlyForDeploymentPostprocessing = 0;
		};
		AA6541A32CBC26E700618653 /* Sources */ = {
			isa = PBXSourcesBuildPhase;
			buildActionMask = 2147483647;
			files = (
			);
			runOnlyForDeploymentPostprocessing = 0;
		};
/* End PBXSourcesBuildPhase section */

/* Begin PBXTargetDependency section */
		AA65419F2CBC26E700618653 /* PBXTargetDependency */ = {
			isa = PBXTargetDependency;
			target = AA6541882CBC26E500618653 /* Arrow Detect */;
			targetProxy = AA65419E2CBC26E700618653 /* PBXContainerItemProxy */;
		};
		AA6541A92CBC26E700618653 /* PBXTargetDependency */ = {
			isa = PBXTargetDependency;
			target = AA6541882CBC26E500618653 /* Arrow Detect */;
			targetProxy = AA6541A82CBC26E700618653 /* PBXContainerItemProxy */;
		};
/* End PBXTargetDependency section */

/* Begin XCBuildConfiguration section */
		AA6541B12CBC26E700618653 /* Debug */ = {
			isa = XCBuildConfiguration;
			buildSettings = {
				ASSETCATALOG_COMPILER_APPICON_NAME = AppIcon;
				ASSETCATALOG_COMPILER_GLOBAL_ACCENT_COLOR_NAME = AccentColor;
				CODE_SIGN_ENTITLEMENTS = "Arrow Detect/Arrow_Detect.entitlements";
				CODE_SIGN_IDENTITY = "Apple Development";
				CODE_SIGN_STYLE = Automatic;
				CURRENT_PROJECT_VERSION = 1;
				DEVELOPMENT_ASSET_PATHS = "\"Arrow Detect/Preview Content\"";
				DEVELOPMENT_TEAM = NQ674H2JLQ;
				ENABLE_PREVIEWS = YES;
				GENERATE_INFOPLIST_FILE = YES;
				INFOPLIST_FILE = "Arrow Detect/Info.plist";
				INFOPLIST_KEY_CFBundleDisplayName = "Arrow Detect";
				INFOPLIST_KEY_NSCameraUsageDescription = "The camera is required to take pictures of archery targets";
				INFOPLIST_KEY_UIApplicationSceneManifest_Generation = YES;
				INFOPLIST_KEY_UIApplicationSupportsIndirectInputEvents = YES;
				INFOPLIST_KEY_UILaunchScreen_Generation = YES;
				INFOPLIST_KEY_UISupportedInterfaceOrientations = "UIInterfaceOrientationPortrait UIInterfaceOrientationPortraitUpsideDown";
				INFOPLIST_KEY_UISupportedInterfaceOrientations_iPad = "UIInterfaceOrientationLandscapeLeft UIInterfaceOrientationLandscapeRight UIInterfaceOrientationPortrait UIInterfaceOrientationPortraitUpsideDown";
				IPHONEOS_DEPLOYMENT_TARGET = 18.0;
				LD_RUNPATH_SEARCH_PATHS = (
					"$(inherited)",
					"@executable_path/Frameworks",
				);
				MARKETING_VERSION = 1.0;
				PRODUCT_BUNDLE_IDENTIFIER = "com.arrow-detect.ios";
				PRODUCT_NAME = "$(TARGET_NAME)";
				PROVISIONING_PROFILE_SPECIFIER = "";
				SWIFT_EMIT_LOC_STRINGS = YES;
				SWIFT_VERSION = 5.0;
				TARGETED_DEVICE_FAMILY = "1,2";
			};
			name = Debug;
		};
		AA6541B22CBC26E700618653 /* Release */ = {
			isa = XCBuildConfiguration;
			buildSettings = {
				ASSETCATALOG_COMPILER_APPICON_NAME = AppIcon;
				ASSETCATALOG_COMPILER_GLOBAL_ACCENT_COLOR_NAME = AccentColor;
				CODE_SIGN_ENTITLEMENTS = "Arrow Detect/Arrow_Detect.entitlements";
				CODE_SIGN_IDENTITY = "Apple Development";
				CODE_SIGN_STYLE = Automatic;
				CURRENT_PROJECT_VERSION = 1;
				DEVELOPMENT_ASSET_PATHS = "\"Arrow Detect/Preview Content\"";
				DEVELOPMENT_TEAM = NQ674H2JLQ;
				ENABLE_PREVIEWS = YES;
				GENERATE_INFOPLIST_FILE = YES;
				INFOPLIST_FILE = "Arrow Detect/Info.plist";
				INFOPLIST_KEY_CFBundleDisplayName = "Arrow Detect";
				INFOPLIST_KEY_NSCameraUsageDescription = "The camera is required to take pictures of archery targets";
				INFOPLIST_KEY_UIApplicationSceneManifest_Generation = YES;
				INFOPLIST_KEY_UIApplicationSupportsIndirectInputEvents = YES;
				INFOPLIST_KEY_UILaunchScreen_Generation = YES;
				INFOPLIST_KEY_UISupportedInterfaceOrientations = "UIInterfaceOrientationPortrait UIInterfaceOrientationPortraitUpsideDown";
				INFOPLIST_KEY_UISupportedInterfaceOrientations_iPad = "UIInterfaceOrientationLandscapeLeft UIInterfaceOrientationLandscapeRight UIInterfaceOrientationPortrait UIInterfaceOrientationPortraitUpsideDown";
				IPHONEOS_DEPLOYMENT_TARGET = 18.0;
				LD_RUNPATH_SEARCH_PATHS = (
					"$(inherited)",
					"@executable_path/Frameworks",
				);
				MARKETING_VERSION = 1.0;
				PRODUCT_BUNDLE_IDENTIFIER = "com.arrow-detect.ios";
				PRODUCT_NAME = "$(TARGET_NAME)";
				PROVISIONING_PROFILE_SPECIFIER = "";
				SWIFT_EMIT_LOC_STRINGS = YES;
				SWIFT_VERSION = 5.0;
				TARGETED_DEVICE_FAMILY = "1,2";
			};
			name = Release;
		};
		AA6541B32CBC26E700618653 /* Debug */ = {
			isa = XCBuildConfiguration;
			buildSettings = {
				ALWAYS_SEARCH_USER_PATHS = NO;
				ASSETCATALOG_COMPILER_GENERATE_SWIFT_ASSET_SYMBOL_EXTENSIONS = YES;
				CLANG_ANALYZER_NONNULL = YES;
				CLANG_ANALYZER_NUMBER_OBJECT_CONVERSION = YES_AGGRESSIVE;
				CLANG_CXX_LANGUAGE_STANDARD = "gnu++20";
				CLANG_ENABLE_MODULES = YES;
				CLANG_ENABLE_OBJC_ARC = YES;
				CLANG_ENABLE_OBJC_WEAK = YES;
				CLANG_WARN_BLOCK_CAPTURE_AUTORELEASING = YES;
				CLANG_WARN_BOOL_CONVERSION = YES;
				CLANG_WARN_COMMA = YES;
				CLANG_WARN_CONSTANT_CONVERSION = YES;
				CLANG_WARN_DEPRECATED_OBJC_IMPLEMENTATIONS = YES;
				CLANG_WARN_DIRECT_OBJC_ISA_USAGE = YES_ERROR;
				CLANG_WARN_DOCUMENTATION_COMMENTS = YES;
				CLANG_WARN_EMPTY_BODY = YES;
				CLANG_WARN_ENUM_CONVERSION = YES;
				CLANG_WARN_INFINITE_RECURSION = YES;
				CLANG_WARN_INT_CONVERSION = YES;
				CLANG_WARN_NON_LITERAL_NULL_CONVERSION = YES;
				CLANG_WARN_OBJC_IMPLICIT_RETAIN_SELF = YES;
				CLANG_WARN_OBJC_LITERAL_CONVERSION = YES;
				CLANG_WARN_OBJC_ROOT_CLASS = YES_ERROR;
				CLANG_WARN_QUOTED_INCLUDE_IN_FRAMEWORK_HEADER = YES;
				CLANG_WARN_RANGE_LOOP_ANALYSIS = YES;
				CLANG_WARN_STRICT_PROTOTYPES = YES;
				CLANG_WARN_SUSPICIOUS_MOVE = YES;
				CLANG_WARN_UNGUARDED_AVAILABILITY = YES_AGGRESSIVE;
				CLANG_WARN_UNREACHABLE_CODE = YES;
				CLANG_WARN__DUPLICATE_METHOD_MATCH = YES;
				COPY_PHASE_STRIP = NO;
				DEBUG_INFORMATION_FORMAT = dwarf;
				ENABLE_STRICT_OBJC_MSGSEND = YES;
				ENABLE_TESTABILITY = YES;
				ENABLE_USER_SCRIPT_SANDBOXING = YES;
				GCC_C_LANGUAGE_STANDARD = gnu17;
				GCC_DYNAMIC_NO_PIC = NO;
				GCC_NO_COMMON_BLOCKS = YES;
				GCC_OPTIMIZATION_LEVEL = 0;
				GCC_PREPROCESSOR_DEFINITIONS = (
					"DEBUG=1",
					"$(inherited)",
				);
				GCC_WARN_64_TO_32_BIT_CONVERSION = YES;
				GCC_WARN_ABOUT_RETURN_TYPE = YES_ERROR;
				GCC_WARN_UNDECLARED_SELECTOR = YES;
				GCC_WARN_UNINITIALIZED_AUTOS = YES_AGGRESSIVE;
				GCC_WARN_UNUSED_FUNCTION = YES;
				GCC_WARN_UNUSED_VARIABLE = YES;
				IPHONEOS_DEPLOYMENT_TARGET = 18.0;
				LOCALIZATION_PREFERS_STRING_CATALOGS = YES;
				MTL_ENABLE_DEBUG_INFO = INCLUDE_SOURCE;
				MTL_FAST_MATH = YES;
				ONLY_ACTIVE_ARCH = YES;
				SDKROOT = iphoneos;
				SWIFT_ACTIVE_COMPILATION_CONDITIONS = "DEBUG $(inherited)";
				SWIFT_OPTIMIZATION_LEVEL = "-Onone";
			};
			name = Debug;
		};
		AA6541B42CBC26E700618653 /* Release */ = {
			isa = XCBuildConfiguration;
			buildSettings = {
				ALWAYS_SEARCH_USER_PATHS = NO;
				ASSETCATALOG_COMPILER_GENERATE_SWIFT_ASSET_SYMBOL_EXTENSIONS = YES;
				CLANG_ANALYZER_NONNULL = YES;
				CLANG_ANALYZER_NUMBER_OBJECT_CONVERSION = YES_AGGRESSIVE;
				CLANG_CXX_LANGUAGE_STANDARD = "gnu++20";
				CLANG_ENABLE_MODULES = YES;
				CLANG_ENABLE_OBJC_ARC = YES;
				CLANG_ENABLE_OBJC_WEAK = YES;
				CLANG_WARN_BLOCK_CAPTURE_AUTORELEASING = YES;
				CLANG_WARN_BOOL_CONVERSION = YES;
				CLANG_WARN_COMMA = YES;
				CLANG_WARN_CONSTANT_CONVERSION = YES;
				CLANG_WARN_DEPRECATED_OBJC_IMPLEMENTATIONS = YES;
				CLANG_WARN_DIRECT_OBJC_ISA_USAGE = YES_ERROR;
				CLANG_WARN_DOCUMENTATION_COMMENTS = YES;
				CLANG_WARN_EMPTY_BODY = YES;
				CLANG_WARN_ENUM_CONVERSION = YES;
				CLANG_WARN_INFINITE_RECURSION = YES;
				CLANG_WARN_INT_CONVERSION = YES;
				CLANG_WARN_NON_LITERAL_NULL_CONVERSION = YES;
				CLANG_WARN_OBJC_IMPLICIT_RETAIN_SELF = YES;
				CLANG_WARN_OBJC_LITERAL_CONVERSION = YES;
				CLANG_WARN_OBJC_ROOT_CLASS = YES_ERROR;
				CLANG_WARN_QUOTED_INCLUDE_IN_FRAMEWORK_HEADER = YES;
				CLANG_WARN_RANGE_LOOP_ANALYSIS = YES;
				CLANG_WARN_STRICT_PROTOTYPES = YES;
				CLANG_WARN_SUSPICIOUS_MOVE = YES;
				CLANG_WARN_UNGUARDED_AVAILABILITY = YES_AGGRESSIVE;
				CLANG_WARN_UNREACHABLE_CODE = YES;
				CLANG_WARN__DUPLICATE_METHOD_MATCH = YES;
				COPY_PHASE_STRIP = NO;
				DEBUG_INFORMATION_FORMAT = "dwarf-with-dsym";
				ENABLE_NS_ASSERTIONS = NO;
				ENABLE_STRICT_OBJC_MSGSEND = YES;
				ENABLE_USER_SCRIPT_SANDBOXING = YES;
				GCC_C_LANGUAGE_STANDARD = gnu17;
				GCC_NO_COMMON_BLOCKS = YES;
				GCC_WARN_64_TO_32_BIT_CONVERSION = YES;
				GCC_WARN_ABOUT_RETURN_TYPE = YES_ERROR;
				GCC_WARN_UNDECLARED_SELECTOR = YES;
				GCC_WARN_UNINITIALIZED_AUTOS = YES_AGGRESSIVE;
				GCC_WARN_UNUSED_FUNCTION = YES;
				GCC_WARN_UNUSED_VARIABLE = YES;
				IPHONEOS_DEPLOYMENT_TARGET = 18.0;
				LOCALIZATION_PREFERS_STRING_CATALOGS = YES;
				MTL_ENABLE_DEBUG_INFO = NO;
				MTL_FAST_MATH = YES;
				SDKROOT = iphoneos;
				SWIFT_COMPILATION_MODE = wholemodule;
				VALIDATE_PRODUCT = YES;
			};
			name = Release;
		};
		AA6541B62CBC26E700618653 /* Debug */ = {
			isa = XCBuildConfiguration;
			buildSettings = {
				BUNDLE_LOADER = "$(TEST_HOST)";
				CODE_SIGN_STYLE = Automatic;
				CURRENT_PROJECT_VERSION = 1;
				DEVELOPMENT_TEAM = NQ674H2JLQ;
				GENERATE_INFOPLIST_FILE = YES;
				IPHONEOS_DEPLOYMENT_TARGET = 18.0;
				MARKETING_VERSION = 1.0;
				PRODUCT_BUNDLE_IDENTIFIER = "com.example.Arrow-DetectTests";
				PRODUCT_NAME = "$(TARGET_NAME)";
				SWIFT_EMIT_LOC_STRINGS = NO;
				SWIFT_VERSION = 5.0;
				TARGETED_DEVICE_FAMILY = "1,2";
				TEST_HOST = "$(BUILT_PRODUCTS_DIR)/Arrow Detect.app/$(BUNDLE_EXECUTABLE_FOLDER_PATH)/Arrow Detect";
			};
			name = Debug;
		};
		AA6541B72CBC26E700618653 /* Release */ = {
			isa = XCBuildConfiguration;
			buildSettings = {
				BUNDLE_LOADER = "$(TEST_HOST)";
				CODE_SIGN_STYLE = Automatic;
				CURRENT_PROJECT_VERSION = 1;
				DEVELOPMENT_TEAM = NQ674H2JLQ;
				GENERATE_INFOPLIST_FILE = YES;
				IPHONEOS_DEPLOYMENT_TARGET = 18.0;
				MARKETING_VERSION = 1.0;
				PRODUCT_BUNDLE_IDENTIFIER = "com.example.Arrow-DetectTests";
				PRODUCT_NAME = "$(TARGET_NAME)";
				SWIFT_EMIT_LOC_STRINGS = NO;
				SWIFT_VERSION = 5.0;
				TARGETED_DEVICE_FAMILY = "1,2";
				TEST_HOST = "$(BUILT_PRODUCTS_DIR)/Arrow Detect.app/$(BUNDLE_EXECUTABLE_FOLDER_PATH)/Arrow Detect";
			};
			name = Release;
		};
		AA6541B92CBC26E700618653 /* Debug */ = {
			isa = XCBuildConfiguration;
			buildSettings = {
				CODE_SIGN_STYLE = Automatic;
				CURRENT_PROJECT_VERSION = 1;
				DEVELOPMENT_TEAM = NQ674H2JLQ;
				GENERATE_INFOPLIST_FILE = YES;
				MARKETING_VERSION = 1.0;
				PRODUCT_BUNDLE_IDENTIFIER = "com.example.Arrow-DetectUITests";
				PRODUCT_NAME = "$(TARGET_NAME)";
				SWIFT_EMIT_LOC_STRINGS = NO;
				SWIFT_VERSION = 5.0;
				TARGETED_DEVICE_FAMILY = "1,2";
				TEST_TARGET_NAME = "Arrow Detect";
			};
			name = Debug;
		};
		AA6541BA2CBC26E700618653 /* Release */ = {
			isa = XCBuildConfiguration;
			buildSettings = {
				CODE_SIGN_STYLE = Automatic;
				CURRENT_PROJECT_VERSION = 1;
				DEVELOPMENT_TEAM = NQ674H2JLQ;
				GENERATE_INFOPLIST_FILE = YES;
				MARKETING_VERSION = 1.0;
				PRODUCT_BUNDLE_IDENTIFIER = "com.example.Arrow-DetectUITests";
				PRODUCT_NAME = "$(TARGET_NAME)";
				SWIFT_EMIT_LOC_STRINGS = NO;
				SWIFT_VERSION = 5.0;
				TARGETED_DEVICE_FAMILY = "1,2";
				TEST_TARGET_NAME = "Arrow Detect";
			};
			name = Release;
		};
/* End XCBuildConfiguration section */

/* Begin XCConfigurationList section */
		AA6541842CBC26E500618653 /* Build configuration list for PBXProject "Arrow Detect" */ = {
			isa = XCConfigurationList;
			buildConfigurations = (
				AA6541B32CBC26E700618653 /* Debug */,
				AA6541B42CBC26E700618653 /* Release */,
			);
			defaultConfigurationIsVisible = 0;
			defaultConfigurationName = Release;
		};
		AA6541B02CBC26E700618653 /* Build configuration list for PBXNativeTarget "Arrow Detect" */ = {
			isa = XCConfigurationList;
			buildConfigurations = (
				AA6541B12CBC26E700618653 /* Debug */,
				AA6541B22CBC26E700618653 /* Release */,
			);
			defaultConfigurationIsVisible = 0;
			defaultConfigurationName = Release;
		};
		AA6541B52CBC26E700618653 /* Build configuration list for PBXNativeTarget "Arrow DetectTests" */ = {
			isa = XCConfigurationList;
			buildConfigurations = (
				AA6541B62CBC26E700618653 /* Debug */,
				AA6541B72CBC26E700618653 /* Release */,
			);
			defaultConfigurationIsVisible = 0;
			defaultConfigurationName = Release;
		};
		AA6541B82CBC26E700618653 /* Build configuration list for PBXNativeTarget "Arrow DetectUITests" */ = {
			isa = XCConfigurationList;
			buildConfigurations = (
				AA6541B92CBC26E700618653 /* Debug */,
				AA6541BA2CBC26E700618653 /* Release */,
			);
			defaultConfigurationIsVisible = 0;
			defaultConfigurationName = Release;
		};
/* End XCConfigurationList section */

/* Begin XCRemoteSwiftPackageReference section */
		AAA13E302D2189040033B9F4 /* XCRemoteSwiftPackageReference "cloudinary_ios" */ = {
			isa = XCRemoteSwiftPackageReference;
			repositoryURL = "https://github.com/cloudinary/cloudinary_ios.git";
			requirement = {
				kind = upToNextMajorVersion;
				minimumVersion = 5.1.0;
			};
		};
		AAAD2D712D1B4F9800FEB1CF /* XCRemoteSwiftPackageReference "firebase-ios-sdk" */ = {
			isa = XCRemoteSwiftPackageReference;
			repositoryURL = "https://github.com/firebase/firebase-ios-sdk";
			requirement = {
				kind = upToNextMajorVersion;
				minimumVersion = 11.6.0;
			};
		};
/* End XCRemoteSwiftPackageReference section */

/* Begin XCSwiftPackageProductDependency section */
		AAA13E312D2189040033B9F4 /* Cloudinary */ = {
			isa = XCSwiftPackageProductDependency;
			package = AAA13E302D2189040033B9F4 /* XCRemoteSwiftPackageReference "cloudinary_ios" */;
			productName = Cloudinary;
		};
		AAAD2D722D1B4F9900FEB1CF /* FirebaseAuth */ = {
			isa = XCSwiftPackageProductDependency;
			package = AAAD2D712D1B4F9800FEB1CF /* XCRemoteSwiftPackageReference "firebase-ios-sdk" */;
			productName = FirebaseAuth;
		};
		AAAD2D742D1B4F9900FEB1CF /* FirebaseFirestore */ = {
			isa = XCSwiftPackageProductDependency;
			package = AAAD2D712D1B4F9800FEB1CF /* XCRemoteSwiftPackageReference "firebase-ios-sdk" */;
			productName = FirebaseFirestore;
		};
/* End XCSwiftPackageProductDependency section */
	};
	rootObject = AA6541812CBC26E500618653 /* Project object */;
}
